PODS:
  - AMScrollingCards (1.2.4):
    - FlexiblePageControl
  - FlexiblePageControl (1.0.8)

DEPENDENCIES:
  - AMScrollingCards (from `../`)

SPEC REPOS:
  https://github.com/CocoaPods/Specs.git:
    - FlexiblePageControl

EXTERNAL SOURCES:
  AMScrollingCards:
    :path: "../"

SPEC CHECKSUMS:
  AMScrollingCards: 3eea139f1447019c0bf13953d2aa69af60c52305
  FlexiblePageControl: 07f7765054f16b3f0bc3f14dfd95ab5f45817ea4

PODFILE CHECKSUM: 1c8e04997b20e24e31dcc14a1fdd0a8669a5cb9f

COCOAPODS: 1.8.4
